
Microsoft Visual Studio Solution File, Format Version 12.00
# Visual Studio Version 17
VisualStudioVersion = 17.14.36408.4 d17.14
MinimumVisualStudioVersion = 10.0.40219.1
Project("{FAE04EC0-301F-11D3-BF4B-00C04F79EFBC}") = "ActivateRoles", "ActivateRoles.csproj", "{04E082E0-B1F4-4798-B0FE-408EDFD9FD59}"
EndProject
Global
	GlobalSection(SolutionConfigurationPlatforms) = preSolution
		Debug|Any CPU = Debug|Any CPU
		Release|Any CPU = Release|Any CPU
	EndGlobalSection
	GlobalSection(ProjectConfigurationPlatforms) = postSolution
		{04E082E0-B1F4-4798-B0FE-408EDFD9FD59}.Debug|Any CPU.ActiveCfg = Debug|Any CPU
		{04E082E0-B1F4-4798-B0FE-408EDFD9FD59}.Debug|Any CPU.Build.0 = Debug|Any CPU
		{04E082E0-B1F4-4798-B0FE-408EDFD9FD59}.Release|Any CPU.ActiveCfg = Release|Any CPU
		{04E082E0-B1F4-4798-B0FE-408EDFD9FD59}.Release|Any CPU.Build.0 = Release|Any CPU
	EndGlobalSection
	GlobalSection(SolutionProperties) = preSolution
		HideSolutionNode = FALSE
	EndGlobalSection
	GlobalSection(ExtensibilityGlobals) = postSolution
		SolutionGuid = {53EB1396-2A8A-4F23-B5FC-F782177931FE}
	EndGlobalSection
EndGlobal
