
Microsoft Visual Studio Solution File, Format Version 12.00
# Visual Studio Version 17
VisualStudioVersion = 17.13.36105.23 d17.13
MinimumVisualStudioVersion = 10.0.40219.1
Project("{FAE04EC0-301F-11D3-BF4B-00C04F79EFBC}") = "ConsoleApp1", "ConsoleApp1.csproj", "{DA69CA9D-AE24-4DC0-9BD5-5939EA829228}"
EndProject
Global
	GlobalSection(SolutionConfigurationPlatforms) = preSolution
		Debug|Any CPU = Debug|Any CPU
		Release|Any CPU = Release|Any CPU
	EndGlobalSection
	GlobalSection(ProjectConfigurationPlatforms) = postSolution
		{DA69CA9D-AE24-4DC0-9BD5-5939EA829228}.Debug|Any CPU.ActiveCfg = Debug|Any CPU
		{DA69CA9D-AE24-4DC0-9BD5-5939EA829228}.Debug|Any CPU.Build.0 = Debug|Any CPU
		{DA69CA9D-AE24-4DC0-9BD5-5939EA829228}.Release|Any CPU.ActiveCfg = Release|Any CPU
		{DA69CA9D-AE24-4DC0-9BD5-5939EA829228}.Release|Any CPU.Build.0 = Release|Any CPU
	EndGlobalSection
	GlobalSection(SolutionProperties) = preSolution
		HideSolutionNode = FALSE
	EndGlobalSection
	GlobalSection(ExtensibilityGlobals) = postSolution
		SolutionGuid = {79615923-BB19-49D3-B39B-4B0F31A3086B}
	EndGlobalSection
EndGlobal
